
Microsoft Visual Studio Solution File, Format Version 12.00
# Visual Studio 2012
Project("{FAE04EC0-301F-11D3-BF4B-00C04F79EFBC}") = "CSharpFormatting", "CSharpFormatting.csproj", "{A6C19526-BE8E-436C-BDE7-05E7176FF6EF}"
EndProject
Global
	GlobalSection(SolutionConfigurationPlatforms) = preSolution
		Debug|Any CPU = Debug|Any CPU
		Release|Any CPU = Release|Any CPU
	EndGlobalSection
	GlobalSection(ProjectConfigurationPlatforms) = postSolution
		{A6C19526-BE8E-436C-BDE7-05E7176FF6EF}.Debug|Any CPU.ActiveCfg = Debug|Any CPU
		{A6C19526-BE8E-436C-BDE7-05E7176FF6EF}.Debug|Any CPU.Build.0 = Debug|Any CPU
		{A6C19526-BE8E-436C-BDE7-05E7176FF6EF}.Release|Any CPU.ActiveCfg = Release|Any CPU
		{A6C19526-BE8E-436C-BDE7-05E7176FF6EF}.Release|Any CPU.Build.0 = Release|Any CPU
	EndGlobalSection
	GlobalSection(SolutionProperties) = preSolution
		HideSolutionNode = FALSE
	EndGlobalSection
EndGlobal
