
Microsoft Visual Studio Solution File, Format Version 12.00
# Visual Studio 2012
Project("{FAE04EC0-301F-11D3-BF4B-00C04F79EFBC}") = "1.Surface", "1.Surface\1.Surface.csproj", "{7914FBA3-8D4B-4D08-ADA1-DFB340DEA00F}"
EndProject
Project("{FAE04EC0-301F-11D3-BF4B-00C04F79EFBC}") = "2.Bank", "2.Bank\2.Bank.csproj", "{CCC619AB-35F3-4696-BFA9-9DD3925A75C5}"
EndProject
Project("{FAE04EC0-301F-11D3-BF4B-00C04F79EFBC}") = "3.Exceptions", "3.Exceptions\3.Exceptions.csproj", "{1F84DE15-6E2A-43A8-B653-8B41FA6A02AB}"
EndProject
Global
	GlobalSection(SolutionConfigurationPlatforms) = preSolution
		Debug|Any CPU = Debug|Any CPU
		Release|Any CPU = Release|Any CPU
	EndGlobalSection
	GlobalSection(ProjectConfigurationPlatforms) = postSolution
		{7914FBA3-8D4B-4D08-ADA1-DFB340DEA00F}.Debug|Any CPU.ActiveCfg = Debug|Any CPU
		{7914FBA3-8D4B-4D08-ADA1-DFB340DEA00F}.Debug|Any CPU.Build.0 = Debug|Any CPU
		{7914FBA3-8D4B-4D08-ADA1-DFB340DEA00F}.Release|Any CPU.ActiveCfg = Release|Any CPU
		{7914FBA3-8D4B-4D08-ADA1-DFB340DEA00F}.Release|Any CPU.Build.0 = Release|Any CPU
		{CCC619AB-35F3-4696-BFA9-9DD3925A75C5}.Debug|Any CPU.ActiveCfg = Debug|Any CPU
		{CCC619AB-35F3-4696-BFA9-9DD3925A75C5}.Debug|Any CPU.Build.0 = Debug|Any CPU
		{CCC619AB-35F3-4696-BFA9-9DD3925A75C5}.Release|Any CPU.ActiveCfg = Release|Any CPU
		{CCC619AB-35F3-4696-BFA9-9DD3925A75C5}.Release|Any CPU.Build.0 = Release|Any CPU
		{1F84DE15-6E2A-43A8-B653-8B41FA6A02AB}.Debug|Any CPU.ActiveCfg = Debug|Any CPU
		{1F84DE15-6E2A-43A8-B653-8B41FA6A02AB}.Debug|Any CPU.Build.0 = Debug|Any CPU
		{1F84DE15-6E2A-43A8-B653-8B41FA6A02AB}.Release|Any CPU.ActiveCfg = Release|Any CPU
		{1F84DE15-6E2A-43A8-B653-8B41FA6A02AB}.Release|Any CPU.Build.0 = Release|Any CPU
	EndGlobalSection
	GlobalSection(SolutionProperties) = preSolution
		HideSolutionNode = FALSE
	EndGlobalSection
EndGlobal
