
Microsoft Visual Studio Solution File, Format Version 12.00
# Visual Studio 2012
Project("{FAE04EC0-301F-11D3-BF4B-00C04F79EFBC}") = "2.Human", "2\2.Human.csproj", "{C1393949-7CBD-45DE-ADDD-EEE5D71DAFC5}"
EndProject
Project("{FAE04EC0-301F-11D3-BF4B-00C04F79EFBC}") = "1.School", "1.School\1.School.csproj", "{8ACEAEA5-D699-4F8C-837D-8D0C942D9338}"
EndProject
Project("{FAE04EC0-301F-11D3-BF4B-00C04F79EFBC}") = "3.Animals", "3.Animals\3.Animals.csproj", "{0405EA77-2804-4DA4-865C-9BF36D9B718C}"
EndProject
Global
	GlobalSection(SolutionConfigurationPlatforms) = preSolution
		Debug|Any CPU = Debug|Any CPU
		Release|Any CPU = Release|Any CPU
	EndGlobalSection
	GlobalSection(ProjectConfigurationPlatforms) = postSolution
		{C1393949-7CBD-45DE-ADDD-EEE5D71DAFC5}.Debug|Any CPU.ActiveCfg = Debug|Any CPU
		{C1393949-7CBD-45DE-ADDD-EEE5D71DAFC5}.Debug|Any CPU.Build.0 = Debug|Any CPU
		{C1393949-7CBD-45DE-ADDD-EEE5D71DAFC5}.Release|Any CPU.ActiveCfg = Release|Any CPU
		{C1393949-7CBD-45DE-ADDD-EEE5D71DAFC5}.Release|Any CPU.Build.0 = Release|Any CPU
		{8ACEAEA5-D699-4F8C-837D-8D0C942D9338}.Debug|Any CPU.ActiveCfg = Debug|Any CPU
		{8ACEAEA5-D699-4F8C-837D-8D0C942D9338}.Debug|Any CPU.Build.0 = Debug|Any CPU
		{8ACEAEA5-D699-4F8C-837D-8D0C942D9338}.Release|Any CPU.ActiveCfg = Release|Any CPU
		{8ACEAEA5-D699-4F8C-837D-8D0C942D9338}.Release|Any CPU.Build.0 = Release|Any CPU
		{0405EA77-2804-4DA4-865C-9BF36D9B718C}.Debug|Any CPU.ActiveCfg = Debug|Any CPU
		{0405EA77-2804-4DA4-865C-9BF36D9B718C}.Debug|Any CPU.Build.0 = Debug|Any CPU
		{0405EA77-2804-4DA4-865C-9BF36D9B718C}.Release|Any CPU.ActiveCfg = Release|Any CPU
		{0405EA77-2804-4DA4-865C-9BF36D9B718C}.Release|Any CPU.Build.0 = Release|Any CPU
	EndGlobalSection
	GlobalSection(SolutionProperties) = preSolution
		HideSolutionNode = FALSE
	EndGlobalSection
EndGlobal
