
Microsoft Visual Studio Solution File, Format Version 12.00
# Visual Studio 2012
Project("{FAE04EC0-301F-11D3-BF4B-00C04F79EFBC}") = "SchoolHierarchy", "School\SchoolHierarchy.csproj", "{EBFCAD85-8721-4F39-AF4D-D2FA7823A01C}"
EndProject
Project("{FAE04EC0-301F-11D3-BF4B-00C04F79EFBC}") = "TestSchool", "TestSchool\TestSchool.csproj", "{9E0C5128-1708-4B94-8268-BDA9ABA2EB06}"
EndProject
Global
	GlobalSection(SolutionConfigurationPlatforms) = preSolution
		Debug|Any CPU = Debug|Any CPU
		Release|Any CPU = Release|Any CPU
	EndGlobalSection
	GlobalSection(ProjectConfigurationPlatforms) = postSolution
		{EBFCAD85-8721-4F39-AF4D-D2FA7823A01C}.Debug|Any CPU.ActiveCfg = Debug|Any CPU
		{EBFCAD85-8721-4F39-AF4D-D2FA7823A01C}.Debug|Any CPU.Build.0 = Debug|Any CPU
		{EBFCAD85-8721-4F39-AF4D-D2FA7823A01C}.Release|Any CPU.ActiveCfg = Release|Any CPU
		{EBFCAD85-8721-4F39-AF4D-D2FA7823A01C}.Release|Any CPU.Build.0 = Release|Any CPU
		{9E0C5128-1708-4B94-8268-BDA9ABA2EB06}.Debug|Any CPU.ActiveCfg = Debug|Any CPU
		{9E0C5128-1708-4B94-8268-BDA9ABA2EB06}.Debug|Any CPU.Build.0 = Debug|Any CPU
		{9E0C5128-1708-4B94-8268-BDA9ABA2EB06}.Release|Any CPU.ActiveCfg = Release|Any CPU
		{9E0C5128-1708-4B94-8268-BDA9ABA2EB06}.Release|Any CPU.Build.0 = Release|Any CPU
	EndGlobalSection
	GlobalSection(SolutionProperties) = preSolution
		HideSolutionNode = FALSE
	EndGlobalSection
EndGlobal
